version: 2.0
shards:
  ameba:
    git: https://github.com/crystal-ameba/ameba.git
    version: 1.7.0-dev+git.commit.d0ab2256dadfbdf2035d764d90c23946b0cd4b05

  cmark:
    git: https://github.com/amauryt/cr-cmark-gfm.git
    version: 0.1.3

  db:
    git: https://github.com/crystal-lang/crystal-db.git
    version: 0.13.1

  i18n:
    git: https://github.com/crystal-i18n/i18n.git
    version: 0.2.2

  marten:
    git: https://github.com/martenframework/marten.git
    version: 0.5.5

  marten_auth:
    git: https://github.com/martenframework/marten-auth.git
    version: 0.2.1

  msgpack:
    git: https://github.com/crystal-community/msgpack-crystal.git
    version: 1.3.4

  sqlite3:
    git: https://github.com/crystal-lang/crystal-sqlite3.git
    version: 0.21.0

  timecop:
    git: https://github.com/crystal-community/timecop.cr.git
    version: 0.5.0

